
Microsoft Visual Studio Solution File, Format Version 12.00
# Visual Studio Version 16
VisualStudioVersion = 16.0.29201.188
MinimumVisualStudioVersion = 10.0.40219.1
Project("{FAE04EC0-301F-11D3-BF4B-00C04F79EFBC}") = "Work", "Work.csproj", "{8A8DFD1F-CF6A-448F-A2DE-91AB8071CE70}"
EndProject
Project("{FAE04EC0-301F-11D3-BF4B-00C04F79EFBC}") = "UnitTestProject1", "..\UnitTestProject1\UnitTestProject1.csproj", "{AE7B94FF-1012-4A14-8271-F76C44AB6140}"
EndProject
Project("{2150E333-8FDC-42A3-9474-1A3956D46DE8}") = "MainWork", "MainWork", "{7044276E-CDA0-4FFF-ABD9-0F14EAB66011}"
EndProject
Global
	GlobalSection(SolutionConfigurationPlatforms) = preSolution
		Debug|Any CPU = Debug|Any CPU
		Release|Any CPU = Release|Any CPU
	EndGlobalSection
	GlobalSection(ProjectConfigurationPlatforms) = postSolution
		{8A8DFD1F-CF6A-448F-A2DE-91AB8071CE70}.Debug|Any CPU.ActiveCfg = Debug|Any CPU
		{8A8DFD1F-CF6A-448F-A2DE-91AB8071CE70}.Debug|Any CPU.Build.0 = Debug|Any CPU
		{8A8DFD1F-CF6A-448F-A2DE-91AB8071CE70}.Release|Any CPU.ActiveCfg = Release|Any CPU
		{8A8DFD1F-CF6A-448F-A2DE-91AB8071CE70}.Release|Any CPU.Build.0 = Release|Any CPU
		{AE7B94FF-1012-4A14-8271-F76C44AB6140}.Debug|Any CPU.ActiveCfg = Debug|Any CPU
		{AE7B94FF-1012-4A14-8271-F76C44AB6140}.Debug|Any CPU.Build.0 = Debug|Any CPU
		{AE7B94FF-1012-4A14-8271-F76C44AB6140}.Release|Any CPU.ActiveCfg = Release|Any CPU
		{AE7B94FF-1012-4A14-8271-F76C44AB6140}.Release|Any CPU.Build.0 = Release|Any CPU
	EndGlobalSection
	GlobalSection(SolutionProperties) = preSolution
		HideSolutionNode = FALSE
	EndGlobalSection
	GlobalSection(NestedProjects) = preSolution
		{8A8DFD1F-CF6A-448F-A2DE-91AB8071CE70} = {7044276E-CDA0-4FFF-ABD9-0F14EAB66011}
		{AE7B94FF-1012-4A14-8271-F76C44AB6140} = {7044276E-CDA0-4FFF-ABD9-0F14EAB66011}
	EndGlobalSection
	GlobalSection(ExtensibilityGlobals) = postSolution
		SolutionGuid = {50FBBA58-0586-4DE6-ABB7-FBAC5F34DB06}
	EndGlobalSection
EndGlobal
